
Microsoft Visual Studio Solution File, Format Version 12.00
# Visual Studio Version 16
VisualStudioVersion = 16.0.30011.22
MinimumVisualStudioVersion = 10.0.40219.1
Project("{2150E333-8FDC-42A3-9474-1A3956D46DE8}") = "plugs", "plugs", "{87291700-4C51-4295-BBC7-D90FCFD1C2CC}"
EndProject
Project("{9A19103F-16F7-4668-BE54-9A1E7A4F7556}") = "VMHub", "src\os\VMHub.csproj", "{ABBAA9BD-7C91-4337-AE19-E7A0E8031DF7}"
EndProject
Project("{9A19103F-16F7-4668-BE54-9A1E7A4F7556}") = "System.Private.CoreLib", "src\plugs\System.Number\System.Private.CoreLib.csproj", "{F7368DF1-F892-46CE-87E7-C1BCC4F0AEA8}"
EndProject
Global
	GlobalSection(SolutionConfigurationPlatforms) = preSolution
		Debug|Any CPU = Debug|Any CPU
		Release|Any CPU = Release|Any CPU
	EndGlobalSection
	GlobalSection(ProjectConfigurationPlatforms) = postSolution
		{ABBAA9BD-7C91-4337-AE19-E7A0E8031DF7}.Debug|Any CPU.ActiveCfg = Debug|Any CPU
		{ABBAA9BD-7C91-4337-AE19-E7A0E8031DF7}.Debug|Any CPU.Build.0 = Debug|Any CPU
		{ABBAA9BD-7C91-4337-AE19-E7A0E8031DF7}.Release|Any CPU.ActiveCfg = Release|Any CPU
		{ABBAA9BD-7C91-4337-AE19-E7A0E8031DF7}.Release|Any CPU.Build.0 = Release|Any CPU
		{F7368DF1-F892-46CE-87E7-C1BCC4F0AEA8}.Debug|Any CPU.ActiveCfg = Debug|Any CPU
		{F7368DF1-F892-46CE-87E7-C1BCC4F0AEA8}.Debug|Any CPU.Build.0 = Debug|Any CPU
		{F7368DF1-F892-46CE-87E7-C1BCC4F0AEA8}.Release|Any CPU.ActiveCfg = Release|Any CPU
		{F7368DF1-F892-46CE-87E7-C1BCC4F0AEA8}.Release|Any CPU.Build.0 = Release|Any CPU
	EndGlobalSection
	GlobalSection(SolutionProperties) = preSolution
		HideSolutionNode = FALSE
	EndGlobalSection
	GlobalSection(NestedProjects) = preSolution
		{F7368DF1-F892-46CE-87E7-C1BCC4F0AEA8} = {87291700-4C51-4295-BBC7-D90FCFD1C2CC}
	EndGlobalSection
	GlobalSection(ExtensibilityGlobals) = postSolution
		SolutionGuid = {87B210E3-7890-41F2-97BC-805DF118F10E}
	EndGlobalSection
EndGlobal
